
Microsoft Visual Studio Solution File, Format Version 12.00
# Visual Studio 15
VisualStudioVersion = 15.0.28010.2041
MinimumVisualStudioVersion = 10.0.40219.1
Project("{FAE04EC0-301F-11D3-BF4B-00C04F79EFBC}") = "4.11", "4.11\4.11.csproj", "{D14B3080-B719-4DF2-B684-F3AE50DBFD21}"
EndProject
Global
	GlobalSection(SolutionConfigurationPlatforms) = preSolution
		Debug|Any CPU = Debug|Any CPU
		Release|Any CPU = Release|Any CPU
	EndGlobalSection
	GlobalSection(ProjectConfigurationPlatforms) = postSolution
		{D14B3080-B719-4DF2-B684-F3AE50DBFD21}.Debug|Any CPU.ActiveCfg = Debug|Any CPU
		{D14B3080-B719-4DF2-B684-F3AE50DBFD21}.Debug|Any CPU.Build.0 = Debug|Any CPU
		{D14B3080-B719-4DF2-B684-F3AE50DBFD21}.Release|Any CPU.ActiveCfg = Release|Any CPU
		{D14B3080-B719-4DF2-B684-F3AE50DBFD21}.Release|Any CPU.Build.0 = Release|Any CPU
	EndGlobalSection
	GlobalSection(SolutionProperties) = preSolution
		HideSolutionNode = FALSE
	EndGlobalSection
	GlobalSection(ExtensibilityGlobals) = postSolution
		SolutionGuid = {23EBFF3F-9395-4C2A-80F8-D9310E952E25}
	EndGlobalSection
EndGlobal
