
Microsoft Visual Studio Solution File, Format Version 12.00
# Visual Studio 15
VisualStudioVersion = 15.0.28010.2041
MinimumVisualStudioVersion = 10.0.40219.1
Project("{FAE04EC0-301F-11D3-BF4B-00C04F79EFBC}") = "5.2", "5.2\5.2.csproj", "{F1C71488-1C3A-4A9C-9072-7F3EB8C4A155}"
EndProject
Global
	GlobalSection(SolutionConfigurationPlatforms) = preSolution
		Debug|Any CPU = Debug|Any CPU
		Release|Any CPU = Release|Any CPU
	EndGlobalSection
	GlobalSection(ProjectConfigurationPlatforms) = postSolution
		{F1C71488-1C3A-4A9C-9072-7F3EB8C4A155}.Debug|Any CPU.ActiveCfg = Debug|Any CPU
		{F1C71488-1C3A-4A9C-9072-7F3EB8C4A155}.Debug|Any CPU.Build.0 = Debug|Any CPU
		{F1C71488-1C3A-4A9C-9072-7F3EB8C4A155}.Release|Any CPU.ActiveCfg = Release|Any CPU
		{F1C71488-1C3A-4A9C-9072-7F3EB8C4A155}.Release|Any CPU.Build.0 = Release|Any CPU
	EndGlobalSection
	GlobalSection(SolutionProperties) = preSolution
		HideSolutionNode = FALSE
	EndGlobalSection
	GlobalSection(ExtensibilityGlobals) = postSolution
		SolutionGuid = {4BA1BD8F-E885-45EF-B238-824DECE079EB}
	EndGlobalSection
EndGlobal
