
Microsoft Visual Studio Solution File, Format Version 12.00
# Visual Studio 15
VisualStudioVersion = 15.0.28010.2041
MinimumVisualStudioVersion = 10.0.40219.1
Project("{FAE04EC0-301F-11D3-BF4B-00C04F79EFBC}") = "4.13", "4.13\4.13.csproj", "{F973D142-9D59-4A00-9AE2-AEAF241DF964}"
EndProject
Global
	GlobalSection(SolutionConfigurationPlatforms) = preSolution
		Debug|Any CPU = Debug|Any CPU
		Release|Any CPU = Release|Any CPU
	EndGlobalSection
	GlobalSection(ProjectConfigurationPlatforms) = postSolution
		{F973D142-9D59-4A00-9AE2-AEAF241DF964}.Debug|Any CPU.ActiveCfg = Debug|Any CPU
		{F973D142-9D59-4A00-9AE2-AEAF241DF964}.Debug|Any CPU.Build.0 = Debug|Any CPU
		{F973D142-9D59-4A00-9AE2-AEAF241DF964}.Release|Any CPU.ActiveCfg = Release|Any CPU
		{F973D142-9D59-4A00-9AE2-AEAF241DF964}.Release|Any CPU.Build.0 = Release|Any CPU
	EndGlobalSection
	GlobalSection(SolutionProperties) = preSolution
		HideSolutionNode = FALSE
	EndGlobalSection
	GlobalSection(ExtensibilityGlobals) = postSolution
		SolutionGuid = {E44A7820-C470-4596-8BAF-456675A26CF5}
	EndGlobalSection
EndGlobal
