
Microsoft Visual Studio Solution File, Format Version 12.00
# Visual Studio 15
VisualStudioVersion = 15.0.28010.2041
MinimumVisualStudioVersion = 10.0.40219.1
Project("{FAE04EC0-301F-11D3-BF4B-00C04F79EFBC}") = "5.6", "5.6\5.6.csproj", "{304D9492-0F54-4E33-8568-BCBE58C65631}"
EndProject
Global
	GlobalSection(SolutionConfigurationPlatforms) = preSolution
		Debug|Any CPU = Debug|Any CPU
		Release|Any CPU = Release|Any CPU
	EndGlobalSection
	GlobalSection(ProjectConfigurationPlatforms) = postSolution
		{304D9492-0F54-4E33-8568-BCBE58C65631}.Debug|Any CPU.ActiveCfg = Debug|Any CPU
		{304D9492-0F54-4E33-8568-BCBE58C65631}.Debug|Any CPU.Build.0 = Debug|Any CPU
		{304D9492-0F54-4E33-8568-BCBE58C65631}.Release|Any CPU.ActiveCfg = Release|Any CPU
		{304D9492-0F54-4E33-8568-BCBE58C65631}.Release|Any CPU.Build.0 = Release|Any CPU
	EndGlobalSection
	GlobalSection(SolutionProperties) = preSolution
		HideSolutionNode = FALSE
	EndGlobalSection
	GlobalSection(ExtensibilityGlobals) = postSolution
		SolutionGuid = {120D3D66-B082-4D18-B48B-56FD948C04B9}
	EndGlobalSection
EndGlobal
