
Microsoft Visual Studio Solution File, Format Version 12.00
# Visual Studio 15
VisualStudioVersion = 15.0.28010.2041
MinimumVisualStudioVersion = 10.0.40219.1
Project("{FAE04EC0-301F-11D3-BF4B-00C04F79EFBC}") = "4.12", "4.12\4.12.csproj", "{71FAA56D-CDB1-47A0-9362-F53684CB556F}"
EndProject
Global
	GlobalSection(SolutionConfigurationPlatforms) = preSolution
		Debug|Any CPU = Debug|Any CPU
		Release|Any CPU = Release|Any CPU
	EndGlobalSection
	GlobalSection(ProjectConfigurationPlatforms) = postSolution
		{71FAA56D-CDB1-47A0-9362-F53684CB556F}.Debug|Any CPU.ActiveCfg = Debug|Any CPU
		{71FAA56D-CDB1-47A0-9362-F53684CB556F}.Debug|Any CPU.Build.0 = Debug|Any CPU
		{71FAA56D-CDB1-47A0-9362-F53684CB556F}.Release|Any CPU.ActiveCfg = Release|Any CPU
		{71FAA56D-CDB1-47A0-9362-F53684CB556F}.Release|Any CPU.Build.0 = Release|Any CPU
	EndGlobalSection
	GlobalSection(SolutionProperties) = preSolution
		HideSolutionNode = FALSE
	EndGlobalSection
	GlobalSection(ExtensibilityGlobals) = postSolution
		SolutionGuid = {20AEA1FA-3CEF-49E1-86CA-A8DE9F199B05}
	EndGlobalSection
EndGlobal
